// !$*UTF8*$!
{
	archiveVersion = 1;
	classes = {
	};
	objectVersion = 55;
	objects = {

/* Begin PBXBuildFile section */
		157D5349275FE7E700E782C7 /* ICT_RecipesApp.swift in Sources */ = {isa = PBXBuildFile; fileRef = 157D5348275FE7E700E782C7 /* ICT_RecipesApp.swift */; };
		157D534B275FE7E700E782C7 /* ContentView.swift in Sources */ = {isa = PBXBuildFile; fileRef = 157D534A275FE7E700E782C7 /* ContentView.swift */; };
		157D534D275FE7E900E782C7 /* Assets.xcassets in Resources */ = {isa = PBXBuildFile; fileRef = 157D534C275FE7E900E782C7 /* Assets.xcassets */; };
		157D5350275FE7E900E782C7 /* Preview Assets.xcassets in Resources */ = {isa = PBXBuildFile; fileRef = 157D534F275FE7E900E782C7 /* Preview Assets.xcassets */; };
		157D5357275FE84500E782C7 /* Binding+Ext.swift in Sources */ = {isa = PBXBuildFile; fileRef = 157D5356275FE84500E782C7 /* Binding+Ext.swift */; };
		157D5359275FE87700E782C7 /* BaseType.swift in Sources */ = {isa = PBXBuildFile; fileRef = 157D5358275FE87700E782C7 /* BaseType.swift */; };
		157D535E275FE8AB00E782C7 /* YogurtView.swift in Sources */ = {isa = PBXBuildFile; fileRef = 157D535B275FE8AB00E782C7 /* YogurtView.swift */; };
		157D535F275FE8AB00E782C7 /* SorbetView.swift in Sources */ = {isa = PBXBuildFile; fileRef = 157D535C275FE8AB00E782C7 /* SorbetView.swift */; };
		157D5360275FE8AB00E782C7 /* MilkView.swift in Sources */ = {isa = PBXBuildFile; fileRef = 157D535D275FE8AB00E782C7 /* MilkView.swift */; };
		157D5363275FE8D300E782C7 /* View+Ext.swift in Sources */ = {isa = PBXBuildFile; fileRef = 157D5362275FE8D300E782C7 /* View+Ext.swift */; };
		157D5367275FE8FA00E782C7 /* InitialView.swift in Sources */ = {isa = PBXBuildFile; fileRef = 157D5365275FE8FA00E782C7 /* InitialView.swift */; };
		157D5368275FE8FA00E782C7 /* SplashScreen.swift in Sources */ = {isa = PBXBuildFile; fileRef = 157D5366275FE8FA00E782C7 /* SplashScreen.swift */; };
/* End PBXBuildFile section */

/* Begin PBXFileReference section */
		157D5345275FE7E700E782C7 /* ICT Recipes.app */ = {isa = PBXFileReference; explicitFileType = wrapper.application; includeInIndex = 0; path = "ICT Recipes.app"; sourceTree = BUILT_PRODUCTS_DIR; };
		157D5348275FE7E700E782C7 /* ICT_RecipesApp.swift */ = {isa = PBXFileReference; lastKnownFileType = sourcecode.swift; path = ICT_RecipesApp.swift; sourceTree = "<group>"; };
		157D534A275FE7E700E782C7 /* ContentView.swift */ = {isa = PBXFileReference; lastKnownFileType = sourcecode.swift; path = ContentView.swift; sourceTree = "<group>"; };
		157D534C275FE7E900E782C7 /* Assets.xcassets */ = {isa = PBXFileReference; lastKnownFileType = folder.assetcatalog; path = Assets.xcassets; sourceTree = "<group>"; };
		157D534F275FE7E900E782C7 /* Preview Assets.xcassets */ = {isa = PBXFileReference; lastKnownFileType = folder.assetcatalog; path = "Preview Assets.xcassets"; sourceTree = "<group>"; };
		157D5356275FE84500E782C7 /* Binding+Ext.swift */ = {isa = PBXFileReference; lastKnownFileType = sourcecode.swift; path = "Binding+Ext.swift"; sourceTree = "<group>"; };
		157D5358275FE87700E782C7 /* BaseType.swift */ = {isa = PBXFileReference; lastKnownFileType = sourcecode.swift; path = BaseType.swift; sourceTree = "<group>"; };
		157D535B275FE8AB00E782C7 /* YogurtView.swift */ = {isa = PBXFileReference; fileEncoding = 4; lastKnownFileType = sourcecode.swift; path = YogurtView.swift; sourceTree = "<group>"; };
		157D535C275FE8AB00E782C7 /* SorbetView.swift */ = {isa = PBXFileReference; fileEncoding = 4; lastKnownFileType = sourcecode.swift; path = SorbetView.swift; sourceTree = "<group>"; };
		157D535D275FE8AB00E782C7 /* MilkView.swift */ = {isa = PBXFileReference; fileEncoding = 4; lastKnownFileType = sourcecode.swift; path = MilkView.swift; sourceTree = "<group>"; };
		157D5362275FE8D300E782C7 /* View+Ext.swift */ = {isa = PBXFileReference; lastKnownFileType = sourcecode.swift; path = "View+Ext.swift"; sourceTree = "<group>"; };
		157D5365275FE8FA00E782C7 /* InitialView.swift */ = {isa = PBXFileReference; fileEncoding = 4; lastKnownFileType = sourcecode.swift; path = InitialView.swift; sourceTree = "<group>"; };
		157D5366275FE8FA00E782C7 /* SplashScreen.swift */ = {isa = PBXFileReference; fileEncoding = 4; lastKnownFileType = sourcecode.swift; path = SplashScreen.swift; sourceTree = "<group>"; };
/* End PBXFileReference section */

/* Begin PBXFrameworksBuildPhase section */
		157D5342275FE7E700E782C7 /* Frameworks */ = {
			isa = PBXFrameworksBuildPhase;
			buildActionMask = 2147483647;
			files = (
			);
			runOnlyForDeploymentPostprocessing = 0;
		};
/* End PBXFrameworksBuildPhase section */

/* Begin PBXGroup section */
		157D533C275FE7E700E782C7 = {
			isa = PBXGroup;
			children = (
				157D5347275FE7E700E782C7 /* ICT Recipes */,
				157D5346275FE7E700E782C7 /* Products */,
			);
			sourceTree = "<group>";
		};
		157D5346275FE7E700E782C7 /* Products */ = {
			isa = PBXGroup;
			children = (
				157D5345275FE7E700E782C7 /* ICT Recipes.app */,
			);
			name = Products;
			sourceTree = "<group>";
		};
		157D5347275FE7E700E782C7 /* ICT Recipes */ = {
			isa = PBXGroup;
			children = (
				157D5348275FE7E700E782C7 /* ICT_RecipesApp.swift */,
				157D534A275FE7E700E782C7 /* ContentView.swift */,
				157D5358275FE87700E782C7 /* BaseType.swift */,
				157D5361275FE8B700E782C7 /* SplashScreen */,
				157D535A275FE89A00E782C7 /* Base Views */,
				157D5364275FE8E600E782C7 /* Extension */,
				157D534C275FE7E900E782C7 /* Assets.xcassets */,
				157D534E275FE7E900E782C7 /* Preview Content */,
			);
			path = "ICT Recipes";
			sourceTree = "<group>";
		};
		157D534E275FE7E900E782C7 /* Preview Content */ = {
			isa = PBXGroup;
			children = (
				157D534F275FE7E900E782C7 /* Preview Assets.xcassets */,
			);
			path = "Preview Content";
			sourceTree = "<group>";
		};
		157D535A275FE89A00E782C7 /* Base Views */ = {
			isa = PBXGroup;
			children = (
				157D535D275FE8AB00E782C7 /* MilkView.swift */,
				157D535C275FE8AB00E782C7 /* SorbetView.swift */,
				157D535B275FE8AB00E782C7 /* YogurtView.swift */,
			);
			path = "Base Views";
			sourceTree = "<group>";
		};
		157D5361275FE8B700E782C7 /* SplashScreen */ = {
			isa = PBXGroup;
			children = (
				157D5365275FE8FA00E782C7 /* InitialView.swift */,
				157D5366275FE8FA00E782C7 /* SplashScreen.swift */,
			);
			path = SplashScreen;
			sourceTree = "<group>";
		};
		157D5364275FE8E600E782C7 /* Extension */ = {
			isa = PBXGroup;
			children = (
				157D5356275FE84500E782C7 /* Binding+Ext.swift */,
				157D5362275FE8D300E782C7 /* View+Ext.swift */,
			);
			path = Extension;
			sourceTree = "<group>";
		};
/* End PBXGroup section */

/* Begin PBXNativeTarget section */
		157D5344275FE7E700E782C7 /* ICT Recipes */ = {
			isa = PBXNativeTarget;
			buildConfigurationList = 157D5353275FE7E900E782C7 /* Build configuration list for PBXNativeTarget "ICT Recipes" */;
			buildPhases = (
				157D5341275FE7E700E782C7 /* Sources */,
				157D5342275FE7E700E782C7 /* Frameworks */,
				157D5343275FE7E700E782C7 /* Resources */,
			);
			buildRules = (
			);
			dependencies = (
			);
			name = "ICT Recipes";
			productName = "ICT Recipes";
			productReference = 157D5345275FE7E700E782C7 /* ICT Recipes.app */;
			productType = "com.apple.product-type.application";
		};
/* End PBXNativeTarget section */

/* Begin PBXProject section */
		157D533D275FE7E700E782C7 /* Project object */ = {
			isa = PBXProject;
			attributes = {
				BuildIndependentTargetsInParallel = 1;
				LastSwiftUpdateCheck = 1320;
				LastUpgradeCheck = 1320;
				TargetAttributes = {
					157D5344275FE7E700E782C7 = {
						CreatedOnToolsVersion = 13.2;
					};
				};
			};
			buildConfigurationList = 157D5340275FE7E700E782C7 /* Build configuration list for PBXProject "ICT Recipes" */;
			compatibilityVersion = "Xcode 13.0";
			developmentRegion = en;
			hasScannedForEncodings = 0;
			knownRegions = (
				en,
				Base,
			);
			mainGroup = 157D533C275FE7E700E782C7;
			productRefGroup = 157D5346275FE7E700E782C7 /* Products */;
			projectDirPath = "";
			projectRoot = "";
			targets = (
				157D5344275FE7E700E782C7 /* ICT Recipes */,
			);
		};
/* End PBXProject section */

/* Begin PBXResourcesBuildPhase section */
		157D5343275FE7E700E782C7 /* Resources */ = {
			isa = PBXResourcesBuildPhase;
			buildActionMask = 2147483647;
			files = (
				157D5350275FE7E900E782C7 /* Preview Assets.xcassets in Resources */,
				157D534D275FE7E900E782C7 /* Assets.xcassets in Resources */,
			);
			runOnlyForDeploymentPostprocessing = 0;
		};
/* End PBXResourcesBuildPhase section */

/* Begin PBXSourcesBuildPhase section */
		157D5341275FE7E700E782C7 /* Sources */ = {
			isa = PBXSourcesBuildPhase;
			buildActionMask = 2147483647;
			files = (
				157D5368275FE8FA00E782C7 /* SplashScreen.swift in Sources */,
				157D5363275FE8D300E782C7 /* View+Ext.swift in Sources */,
				157D5360275FE8AB00E782C7 /* MilkView.swift in Sources */,
				157D534B275FE7E700E782C7 /* ContentView.swift in Sources */,
				157D535E275FE8AB00E782C7 /* YogurtView.swift in Sources */,
				157D5349275FE7E700E782C7 /* ICT_RecipesApp.swift in Sources */,
				157D5359275FE87700E782C7 /* BaseType.swift in Sources */,
				157D5367275FE8FA00E782C7 /* InitialView.swift in Sources */,
				157D5357275FE84500E782C7 /* Binding+Ext.swift in Sources */,
				157D535F275FE8AB00E782C7 /* SorbetView.swift in Sources */,
			);
			runOnlyForDeploymentPostprocessing = 0;
		};
/* End PBXSourcesBuildPhase section */

/* Begin XCBuildConfiguration section */
		157D5351275FE7E900E782C7 /* Debug */ = {
			isa = XCBuildConfiguration;
			buildSettings = {
				ALWAYS_SEARCH_USER_PATHS = NO;
				CLANG_ANALYZER_NONNULL = YES;
				CLANG_ANALYZER_NUMBER_OBJECT_CONVERSION = YES_AGGRESSIVE;
				CLANG_CXX_LANGUAGE_STANDARD = "gnu++17";
				CLANG_CXX_LIBRARY = "libc++";
				CLANG_ENABLE_MODULES = YES;
				CLANG_ENABLE_OBJC_ARC = YES;
				CLANG_ENABLE_OBJC_WEAK = YES;
				CLANG_WARN_BLOCK_CAPTURE_AUTORELEASING = YES;
				CLANG_WARN_BOOL_CONVERSION = YES;
				CLANG_WARN_COMMA = YES;
				CLANG_WARN_CONSTANT_CONVERSION = YES;
				CLANG_WARN_DEPRECATED_OBJC_IMPLEMENTATIONS = YES;
				CLANG_WARN_DIRECT_OBJC_ISA_USAGE = YES_ERROR;
				CLANG_WARN_DOCUMENTATION_COMMENTS = YES;
				CLANG_WARN_EMPTY_BODY = YES;
				CLANG_WARN_ENUM_CONVERSION = YES;
				CLANG_WARN_INFINITE_RECURSION = YES;
				CLANG_WARN_INT_CONVERSION = YES;
				CLANG_WARN_NON_LITERAL_NULL_CONVERSION = YES;
				CLANG_WARN_OBJC_IMPLICIT_RETAIN_SELF = YES;
				CLANG_WARN_OBJC_LITERAL_CONVERSION = YES;
				CLANG_WARN_OBJC_ROOT_CLASS = YES_ERROR;
				CLANG_WARN_QUOTED_INCLUDE_IN_FRAMEWORK_HEADER = YES;
				CLANG_WARN_RANGE_LOOP_ANALYSIS = YES;
				CLANG_WARN_STRICT_PROTOTYPES = YES;
				CLANG_WARN_SUSPICIOUS_MOVE = YES;
				CLANG_WARN_UNGUARDED_AVAILABILITY = YES_AGGRESSIVE;
				CLANG_WARN_UNREACHABLE_CODE = YES;
				CLANG_WARN__DUPLICATE_METHOD_MATCH = YES;
				COPY_PHASE_STRIP = NO;
				DEBUG_INFORMATION_FORMAT = dwarf;
				ENABLE_STRICT_OBJC_MSGSEND = YES;
				ENABLE_TESTABILITY = YES;
				GCC_C_LANGUAGE_STANDARD = gnu11;
				GCC_DYNAMIC_NO_PIC = NO;
				GCC_NO_COMMON_BLOCKS = YES;
				GCC_OPTIMIZATION_LEVEL = 0;
				GCC_PREPROCESSOR_DEFINITIONS = (
					"DEBUG=1",
					"$(inherited)",
				);
				GCC_WARN_64_TO_32_BIT_CONVERSION = YES;
				GCC_WARN_ABOUT_RETURN_TYPE = YES_ERROR;
				GCC_WARN_UNDECLARED_SELECTOR = YES;
				GCC_WARN_UNINITIALIZED_AUTOS = YES_AGGRESSIVE;
				GCC_WARN_UNUSED_FUNCTION = YES;
				GCC_WARN_UNUSED_VARIABLE = YES;
				IPHONEOS_DEPLOYMENT_TARGET = 15.2;
				MTL_ENABLE_DEBUG_INFO = INCLUDE_SOURCE;
				MTL_FAST_MATH = YES;
				ONLY_ACTIVE_ARCH = YES;
				SDKROOT = iphoneos;
				SWIFT_ACTIVE_COMPILATION_CONDITIONS = DEBUG;
				SWIFT_OPTIMIZATION_LEVEL = "-Onone";
			};
			name = Debug;
		};
		157D5352275FE7E900E782C7 /* Release */ = {
			isa = XCBuildConfiguration;
			buildSettings = {
				ALWAYS_SEARCH_USER_PATHS = NO;
				CLANG_ANALYZER_NONNULL = YES;
				CLANG_ANALYZER_NUMBER_OBJECT_CONVERSION = YES_AGGRESSIVE;
				CLANG_CXX_LANGUAGE_STANDARD = "gnu++17";
				CLANG_CXX_LIBRARY = "libc++";
				CLANG_ENABLE_MODULES = YES;
				CLANG_ENABLE_OBJC_ARC = YES;
				CLANG_ENABLE_OBJC_WEAK = YES;
				CLANG_WARN_BLOCK_CAPTURE_AUTORELEASING = YES;
				CLANG_WARN_BOOL_CONVERSION = YES;
				CLANG_WARN_COMMA = YES;
				CLANG_WARN_CONSTANT_CONVERSION = YES;
				CLANG_WARN_DEPRECATED_OBJC_IMPLEMENTATIONS = YES;
				CLANG_WARN_DIRECT_OBJC_ISA_USAGE = YES_ERROR;
				CLANG_WARN_DOCUMENTATION_COMMENTS = YES;
				CLANG_WARN_EMPTY_BODY = YES;
				CLANG_WARN_ENUM_CONVERSION = YES;
				CLANG_WARN_INFINITE_RECURSION = YES;
				CLANG_WARN_INT_CONVERSION = YES;
				CLANG_WARN_NON_LITERAL_NULL_CONVERSION = YES;
				CLANG_WARN_OBJC_IMPLICIT_RETAIN_SELF = YES;
				CLANG_WARN_OBJC_LITERAL_CONVERSION = YES;
				CLANG_WARN_OBJC_ROOT_CLASS = YES_ERROR;
				CLANG_WARN_QUOTED_INCLUDE_IN_FRAMEWORK_HEADER = YES;
				CLANG_WARN_RANGE_LOOP_ANALYSIS = YES;
				CLANG_WARN_STRICT_PROTOTYPES = YES;
				CLANG_WARN_SUSPICIOUS_MOVE = YES;
				CLANG_WARN_UNGUARDED_AVAILABILITY = YES_AGGRESSIVE;
				CLANG_WARN_UNREACHABLE_CODE = YES;
				CLANG_WARN__DUPLICATE_METHOD_MATCH = YES;
				COPY_PHASE_STRIP = NO;
				DEBUG_INFORMATION_FORMAT = "dwarf-with-dsym";
				ENABLE_NS_ASSERTIONS = NO;
				ENABLE_STRICT_OBJC_MSGSEND = YES;
				GCC_C_LANGUAGE_STANDARD = gnu11;
				GCC_NO_COMMON_BLOCKS = YES;
				GCC_WARN_64_TO_32_BIT_CONVERSION = YES;
				GCC_WARN_ABOUT_RETURN_TYPE = YES_ERROR;
				GCC_WARN_UNDECLARED_SELECTOR = YES;
				GCC_WARN_UNINITIALIZED_AUTOS = YES_AGGRESSIVE;
				GCC_WARN_UNUSED_FUNCTION = YES;
				GCC_WARN_UNUSED_VARIABLE = YES;
				IPHONEOS_DEPLOYMENT_TARGET = 15.2;
				MTL_ENABLE_DEBUG_INFO = NO;
				MTL_FAST_MATH = YES;
				SDKROOT = iphoneos;
				SWIFT_COMPILATION_MODE = wholemodule;
				SWIFT_OPTIMIZATION_LEVEL = "-O";
				VALIDATE_PRODUCT = YES;
			};
			name = Release;
		};
		157D5354275FE7E900E782C7 /* Debug */ = {
			isa = XCBuildConfiguration;
			buildSettings = {
				ASSETCATALOG_COMPILER_APPICON_NAME = AppIcon;
				ASSETCATALOG_COMPILER_GLOBAL_ACCENT_COLOR_NAME = AccentColor;
				CODE_SIGN_STYLE = Automatic;
				CURRENT_PROJECT_VERSION = 1;
				DEVELOPMENT_ASSET_PATHS = "\"ICT Recipes/Preview Content\"";
				DEVELOPMENT_TEAM = QTCBMWZUKD;
				ENABLE_PREVIEWS = YES;
				GENERATE_INFOPLIST_FILE = YES;
				INFOPLIST_KEY_UIApplicationSceneManifest_Generation = YES;
				INFOPLIST_KEY_UIApplicationSupportsIndirectInputEvents = YES;
				INFOPLIST_KEY_UILaunchScreen_Generation = YES;
				INFOPLIST_KEY_UISupportedInterfaceOrientations_iPad = "UIInterfaceOrientationPortrait UIInterfaceOrientationPortraitUpsideDown UIInterfaceOrientationLandscapeLeft UIInterfaceOrientationLandscapeRight";
				INFOPLIST_KEY_UISupportedInterfaceOrientations_iPhone = "UIInterfaceOrientationPortrait UIInterfaceOrientationLandscapeLeft UIInterfaceOrientationLandscapeRight";
				LD_RUNPATH_SEARCH_PATHS = (
					"$(inherited)",
					"@executable_path/Frameworks",
				);
				MARKETING_VERSION = 1.0;
				PRODUCT_BUNDLE_IDENTIFIER = "io.tukgaesoft.ICT-Recipes";
				PRODUCT_NAME = "$(TARGET_NAME)";
				SWIFT_EMIT_LOC_STRINGS = YES;
				SWIFT_VERSION = 5.0;
				TARGETED_DEVICE_FAMILY = "1,2";
			};
			name = Debug;
		};
		157D5355275FE7E900E782C7 /* Release */ = {
			isa = XCBuildConfiguration;
			buildSettings = {
				ASSETCATALOG_COMPILER_APPICON_NAME = AppIcon;
				ASSETCATALOG_COMPILER_GLOBAL_ACCENT_COLOR_NAME = AccentColor;
				CODE_SIGN_STYLE = Automatic;
				CURRENT_PROJECT_VERSION = 1;
				DEVELOPMENT_ASSET_PATHS = "\"ICT Recipes/Preview Content\"";
				DEVELOPMENT_TEAM = QTCBMWZUKD;
				ENABLE_PREVIEWS = YES;
				GENERATE_INFOPLIST_FILE = YES;
				INFOPLIST_KEY_UIApplicationSceneManifest_Generation = YES;
				INFOPLIST_KEY_UIApplicationSupportsIndirectInputEvents = YES;
				INFOPLIST_KEY_UILaunchScreen_Generation = YES;
				INFOPLIST_KEY_UISupportedInterfaceOrientations_iPad = "UIInterfaceOrientationPortrait UIInterfaceOrientationPortraitUpsideDown UIInterfaceOrientationLandscapeLeft UIInterfaceOrientationLandscapeRight";
				INFOPLIST_KEY_UISupportedInterfaceOrientations_iPhone = "UIInterfaceOrientationPortrait UIInterfaceOrientationLandscapeLeft UIInterfaceOrientationLandscapeRight";
				LD_RUNPATH_SEARCH_PATHS = (
					"$(inherited)",
					"@executable_path/Frameworks",
				);
				MARKETING_VERSION = 1.0;
				PRODUCT_BUNDLE_IDENTIFIER = "io.tukgaesoft.ICT-Recipes";
				PRODUCT_NAME = "$(TARGET_NAME)";
				SWIFT_EMIT_LOC_STRINGS = YES;
				SWIFT_VERSION = 5.0;
				TARGETED_DEVICE_FAMILY = "1,2";
			};
			name = Release;
		};
/* End XCBuildConfiguration section */

/* Begin XCConfigurationList section */
		157D5340275FE7E700E782C7 /* Build configuration list for PBXProject "ICT Recipes" */ = {
			isa = XCConfigurationList;
			buildConfigurations = (
				157D5351275FE7E900E782C7 /* Debug */,
				157D5352275FE7E900E782C7 /* Release */,
			);
			defaultConfigurationIsVisible = 0;
			defaultConfigurationName = Release;
		};
		157D5353275FE7E900E782C7 /* Build configuration list for PBXNativeTarget "ICT Recipes" */ = {
			isa = XCConfigurationList;
			buildConfigurations = (
				157D5354275FE7E900E782C7 /* Debug */,
				157D5355275FE7E900E782C7 /* Release */,
			);
			defaultConfigurationIsVisible = 0;
			defaultConfigurationName = Release;
		};
/* End XCConfigurationList section */
	};
	rootObject = 157D533D275FE7E700E782C7 /* Project object */;
}
